// !$*UTF8*$!
{
	archiveVersion = 1;
	classes = {
	};
	objectVersion = 56;
	objects = {

/* Begin PBXBuildFile section */
		C81C4A282CB31C0600EA7C65 /* AppDelegate.swift in Sources */ = {isa = PBXBuildFile; fileRef = C81C4A272CB31C0600EA7C65 /* AppDelegate.swift */; };
		C81C4A2A2CB31C0600EA7C65 /* SceneDelegate.swift in Sources */ = {isa = PBXBuildFile; fileRef = C81C4A292CB31C0600EA7C65 /* SceneDelegate.swift */; };
		C81C4A312CB31C0700EA7C65 /* Assets.xcassets in Resources */ = {isa = PBXBuildFile; fileRef = C81C4A302CB31C0700EA7C65 /* Assets.xcassets */; };
		C81C4A342CB31C0700EA7C65 /* LaunchScreen.storyboard in Resources */ = {isa = PBXBuildFile; fileRef = C81C4A322CB31C0700EA7C65 /* LaunchScreen.storyboard */; };
		C81C4A412CB31C6400EA7C65 /* AppCoordinator.swift in Sources */ = {isa = PBXBuildFile; fileRef = C81C4A3F2CB31C6400EA7C65 /* AppCoordinator.swift */; };
		C81C4A422CB31C6400EA7C65 /* SplashCoordinator.swift in Sources */ = {isa = PBXBuildFile; fileRef = C81C4A402CB31C6400EA7C65 /* SplashCoordinator.swift */; };
		C81C4A4B2CB31C7400EA7C65 /* SplashViewModel.swift in Sources */ = {isa = PBXBuildFile; fileRef = C81C4A462CB31C7400EA7C65 /* SplashViewModel.swift */; };
		C81C4A4C2CB31C7400EA7C65 /* SplashVC.swift in Sources */ = {isa = PBXBuildFile; fileRef = C81C4A492CB31C7400EA7C65 /* SplashVC.swift */; };
		C81C4A4D2CB31C7400EA7C65 /* SplashVC.xib in Resources */ = {isa = PBXBuildFile; fileRef = C81C4A4A2CB31C7400EA7C65 /* SplashVC.xib */; };
		C81C4A4F2CB31D5C00EA7C65 /* MainViewControllerCoordinator.swift in Sources */ = {isa = PBXBuildFile; fileRef = C81C4A4E2CB31D5C00EA7C65 /* MainViewControllerCoordinator.swift */; };
		C81C4A572CB31D7100EA7C65 /* MovieDetailsViewModel.swift in Sources */ = {isa = PBXBuildFile; fileRef = C81C4A522CB31D7100EA7C65 /* MovieDetailsViewModel.swift */; };
		C81C4A5C2CB31DF000EA7C65 /* MainViewController.swift in Sources */ = {isa = PBXBuildFile; fileRef = C81C4A5A2CB31DF000EA7C65 /* MainViewController.swift */; };
		C81C4A5D2CB31DF000EA7C65 /* MainViewController.xib in Resources */ = {isa = PBXBuildFile; fileRef = C81C4A5B2CB31DF000EA7C65 /* MainViewController.xib */; };
		C81C4A602CB3273800EA7C65 /* CombineCompaitableExtensions.swift in Sources */ = {isa = PBXBuildFile; fileRef = C81C4A5F2CB3273800EA7C65 /* CombineCompaitableExtensions.swift */; };
		C81C4A622CB3278B00EA7C65 /* BaseControlPublisher.swift in Sources */ = {isa = PBXBuildFile; fileRef = C81C4A612CB3278B00EA7C65 /* BaseControlPublisher.swift */; };
		E2292A4477A19E488DC5EAD4 /* Pods_ValifyApp.framework in Frameworks */ = {isa = PBXBuildFile; fileRef = 244B23DE737CE48014641899 /* Pods_ValifyApp.framework */; };
/* End PBXBuildFile section */

/* Begin PBXFileReference section */
		244B23DE737CE48014641899 /* Pods_ValifyApp.framework */ = {isa = PBXFileReference; explicitFileType = wrapper.framework; includeInIndex = 0; path = Pods_ValifyApp.framework; sourceTree = BUILT_PRODUCTS_DIR; };
		3D8A96468B2B34EA272F1ECB /* Pods-ValifyApp.release.xcconfig */ = {isa = PBXFileReference; includeInIndex = 1; lastKnownFileType = text.xcconfig; name = "Pods-ValifyApp.release.xcconfig"; path = "Target Support Files/Pods-ValifyApp/Pods-ValifyApp.release.xcconfig"; sourceTree = "<group>"; };
		6E74D114FA4033430FB4BB15 /* Pods-ValifyApp.debug.xcconfig */ = {isa = PBXFileReference; includeInIndex = 1; lastKnownFileType = text.xcconfig; name = "Pods-ValifyApp.debug.xcconfig"; path = "Target Support Files/Pods-ValifyApp/Pods-ValifyApp.debug.xcconfig"; sourceTree = "<group>"; };
		C81C4A242CB31C0600EA7C65 /* ValifyApp.app */ = {isa = PBXFileReference; explicitFileType = wrapper.application; includeInIndex = 0; path = ValifyApp.app; sourceTree = BUILT_PRODUCTS_DIR; };
		C81C4A272CB31C0600EA7C65 /* AppDelegate.swift */ = {isa = PBXFileReference; lastKnownFileType = sourcecode.swift; path = AppDelegate.swift; sourceTree = "<group>"; };
		C81C4A292CB31C0600EA7C65 /* SceneDelegate.swift */ = {isa = PBXFileReference; lastKnownFileType = sourcecode.swift; path = SceneDelegate.swift; sourceTree = "<group>"; };
		C81C4A302CB31C0700EA7C65 /* Assets.xcassets */ = {isa = PBXFileReference; lastKnownFileType = folder.assetcatalog; path = Assets.xcassets; sourceTree = "<group>"; };
		C81C4A332CB31C0700EA7C65 /* Base */ = {isa = PBXFileReference; lastKnownFileType = file.storyboard; name = Base; path = Base.lproj/LaunchScreen.storyboard; sourceTree = "<group>"; };
		C81C4A352CB31C0700EA7C65 /* Info.plist */ = {isa = PBXFileReference; lastKnownFileType = text.plist.xml; path = Info.plist; sourceTree = "<group>"; };
		C81C4A3F2CB31C6400EA7C65 /* AppCoordinator.swift */ = {isa = PBXFileReference; fileEncoding = 4; lastKnownFileType = sourcecode.swift; path = AppCoordinator.swift; sourceTree = "<group>"; };
		C81C4A402CB31C6400EA7C65 /* SplashCoordinator.swift */ = {isa = PBXFileReference; fileEncoding = 4; lastKnownFileType = sourcecode.swift; path = SplashCoordinator.swift; sourceTree = "<group>"; };
		C81C4A462CB31C7400EA7C65 /* SplashViewModel.swift */ = {isa = PBXFileReference; fileEncoding = 4; lastKnownFileType = sourcecode.swift; path = SplashViewModel.swift; sourceTree = "<group>"; };
		C81C4A492CB31C7400EA7C65 /* SplashVC.swift */ = {isa = PBXFileReference; fileEncoding = 4; lastKnownFileType = sourcecode.swift; path = SplashVC.swift; sourceTree = "<group>"; };
		C81C4A4A2CB31C7400EA7C65 /* SplashVC.xib */ = {isa = PBXFileReference; fileEncoding = 4; lastKnownFileType = file.xib; path = SplashVC.xib; sourceTree = "<group>"; };
		C81C4A4E2CB31D5C00EA7C65 /* MainViewControllerCoordinator.swift */ = {isa = PBXFileReference; fileEncoding = 4; lastKnownFileType = sourcecode.swift; path = MainViewControllerCoordinator.swift; sourceTree = "<group>"; };
		C81C4A522CB31D7100EA7C65 /* MovieDetailsViewModel.swift */ = {isa = PBXFileReference; fileEncoding = 4; lastKnownFileType = sourcecode.swift; path = MovieDetailsViewModel.swift; sourceTree = "<group>"; };
		C81C4A5A2CB31DF000EA7C65 /* MainViewController.swift */ = {isa = PBXFileReference; lastKnownFileType = sourcecode.swift; path = MainViewController.swift; sourceTree = "<group>"; };
		C81C4A5B2CB31DF000EA7C65 /* MainViewController.xib */ = {isa = PBXFileReference; lastKnownFileType = file.xib; path = MainViewController.xib; sourceTree = "<group>"; };
		C81C4A5F2CB3273800EA7C65 /* CombineCompaitableExtensions.swift */ = {isa = PBXFileReference; lastKnownFileType = sourcecode.swift; path = CombineCompaitableExtensions.swift; sourceTree = "<group>"; };
		C81C4A612CB3278B00EA7C65 /* BaseControlPublisher.swift */ = {isa = PBXFileReference; lastKnownFileType = sourcecode.swift; path = BaseControlPublisher.swift; sourceTree = "<group>"; };
		C81C4A642CB3304800EA7C65 /* ValifyCapture.framework */ = {isa = PBXFileReference; explicitFileType = wrapper.framework; path = ValifyCapture.framework; sourceTree = BUILT_PRODUCTS_DIR; };
/* End PBXFileReference section */

/* Begin PBXFrameworksBuildPhase section */
		C81C4A212CB31C0600EA7C65 /* Frameworks */ = {
			isa = PBXFrameworksBuildPhase;
			buildActionMask = 2147483647;
			files = (
				E2292A4477A19E488DC5EAD4 /* Pods_ValifyApp.framework in Frameworks */,
			);
			runOnlyForDeploymentPostprocessing = 0;
		};
/* End PBXFrameworksBuildPhase section */

/* Begin PBXGroup section */
		1F37D0A9C9C8A88549E49221 /* Pods */ = {
			isa = PBXGroup;
			children = (
				6E74D114FA4033430FB4BB15 /* Pods-ValifyApp.debug.xcconfig */,
				3D8A96468B2B34EA272F1ECB /* Pods-ValifyApp.release.xcconfig */,
			);
			path = Pods;
			sourceTree = "<group>";
		};
		8CAD08D0EA55AF34A02E0338 /* Frameworks */ = {
			isa = PBXGroup;
			children = (
				C81C4A642CB3304800EA7C65 /* ValifyCapture.framework */,
				244B23DE737CE48014641899 /* Pods_ValifyApp.framework */,
			);
			name = Frameworks;
			sourceTree = "<group>";
		};
		C81C4A1B2CB31C0600EA7C65 = {
			isa = PBXGroup;
			children = (
				C81C4A262CB31C0600EA7C65 /* ValifyApp */,
				C81C4A252CB31C0600EA7C65 /* Products */,
				1F37D0A9C9C8A88549E49221 /* Pods */,
				8CAD08D0EA55AF34A02E0338 /* Frameworks */,
			);
			sourceTree = "<group>";
		};
		C81C4A252CB31C0600EA7C65 /* Products */ = {
			isa = PBXGroup;
			children = (
				C81C4A242CB31C0600EA7C65 /* ValifyApp.app */,
			);
			name = Products;
			sourceTree = "<group>";
		};
		C81C4A262CB31C0600EA7C65 /* ValifyApp */ = {
			isa = PBXGroup;
			children = (
				C81C4A5E2CB3272D00EA7C65 /* Extensions */,
				C81C4A3C2CB31C4300EA7C65 /* App */,
				C81C4A3D2CB31C4C00EA7C65 /* Resources */,
				C81C4A3E2CB31C6400EA7C65 /* Coordinators */,
				C81C4A432CB31C7400EA7C65 /* Scene */,
				C81C4A352CB31C0700EA7C65 /* Info.plist */,
			);
			path = ValifyApp;
			sourceTree = "<group>";
		};
		C81C4A3C2CB31C4300EA7C65 /* App */ = {
			isa = PBXGroup;
			children = (
				C81C4A272CB31C0600EA7C65 /* AppDelegate.swift */,
				C81C4A292CB31C0600EA7C65 /* SceneDelegate.swift */,
			);
			path = App;
			sourceTree = "<group>";
		};
		C81C4A3D2CB31C4C00EA7C65 /* Resources */ = {
			isa = PBXGroup;
			children = (
				C81C4A632CB327AE00EA7C65 /* Shared */,
				C81C4A302CB31C0700EA7C65 /* Assets.xcassets */,
				C81C4A322CB31C0700EA7C65 /* LaunchScreen.storyboard */,
			);
			path = Resources;
			sourceTree = "<group>";
		};
		C81C4A3E2CB31C6400EA7C65 /* Coordinators */ = {
			isa = PBXGroup;
			children = (
				C81C4A3F2CB31C6400EA7C65 /* AppCoordinator.swift */,
				C81C4A402CB31C6400EA7C65 /* SplashCoordinator.swift */,
				C81C4A4E2CB31D5C00EA7C65 /* MainViewControllerCoordinator.swift */,
			);
			path = Coordinators;
			sourceTree = "<group>";
		};
		C81C4A432CB31C7400EA7C65 /* Scene */ = {
			isa = PBXGroup;
			children = (
				C81C4A442CB31C7400EA7C65 /* WelcomeScene */,
				C81C4A502CB31D7100EA7C65 /* MainScene */,
			);
			path = Scene;
			sourceTree = "<group>";
		};
		C81C4A442CB31C7400EA7C65 /* WelcomeScene */ = {
			isa = PBXGroup;
			children = (
				C81C4A452CB31C7400EA7C65 /* ViewModel */,
				C81C4A472CB31C7400EA7C65 /* View */,
			);
			path = WelcomeScene;
			sourceTree = "<group>";
		};
		C81C4A452CB31C7400EA7C65 /* ViewModel */ = {
			isa = PBXGroup;
			children = (
				C81C4A462CB31C7400EA7C65 /* SplashViewModel.swift */,
			);
			path = ViewModel;
			sourceTree = "<group>";
		};
		C81C4A472CB31C7400EA7C65 /* View */ = {
			isa = PBXGroup;
			children = (
				C81C4A482CB31C7400EA7C65 /* ViewController */,
			);
			path = View;
			sourceTree = "<group>";
		};
		C81C4A482CB31C7400EA7C65 /* ViewController */ = {
			isa = PBXGroup;
			children = (
				C81C4A492CB31C7400EA7C65 /* SplashVC.swift */,
				C81C4A4A2CB31C7400EA7C65 /* SplashVC.xib */,
			);
			path = ViewController;
			sourceTree = "<group>";
		};
		C81C4A502CB31D7100EA7C65 /* MainScene */ = {
			isa = PBXGroup;
			children = (
				C81C4A512CB31D7100EA7C65 /* ViewModel */,
				C81C4A532CB31D7100EA7C65 /* View */,
			);
			path = MainScene;
			sourceTree = "<group>";
		};
		C81C4A512CB31D7100EA7C65 /* ViewModel */ = {
			isa = PBXGroup;
			children = (
				C81C4A522CB31D7100EA7C65 /* MovieDetailsViewModel.swift */,
			);
			path = ViewModel;
			sourceTree = "<group>";
		};
		C81C4A532CB31D7100EA7C65 /* View */ = {
			isa = PBXGroup;
			children = (
				C81C4A542CB31D7100EA7C65 /* Controller */,
			);
			path = View;
			sourceTree = "<group>";
		};
		C81C4A542CB31D7100EA7C65 /* Controller */ = {
			isa = PBXGroup;
			children = (
				C81C4A5A2CB31DF000EA7C65 /* MainViewController.swift */,
				C81C4A5B2CB31DF000EA7C65 /* MainViewController.xib */,
			);
			path = Controller;
			sourceTree = "<group>";
		};
		C81C4A5E2CB3272D00EA7C65 /* Extensions */ = {
			isa = PBXGroup;
			children = (
				C81C4A5F2CB3273800EA7C65 /* CombineCompaitableExtensions.swift */,
			);
			path = Extensions;
			sourceTree = "<group>";
		};
		C81C4A632CB327AE00EA7C65 /* Shared */ = {
			isa = PBXGroup;
			children = (
				C81C4A612CB3278B00EA7C65 /* BaseControlPublisher.swift */,
			);
			path = Shared;
			sourceTree = "<group>";
		};
/* End PBXGroup section */

/* Begin PBXNativeTarget section */
		C81C4A232CB31C0600EA7C65 /* ValifyApp */ = {
			isa = PBXNativeTarget;
			buildConfigurationList = C81C4A382CB31C0700EA7C65 /* Build configuration list for PBXNativeTarget "ValifyApp" */;
			buildPhases = (
				3669CB693496E3433F5C0849 /* [CP] Check Pods Manifest.lock */,
				C81C4A202CB31C0600EA7C65 /* Sources */,
				C81C4A212CB31C0600EA7C65 /* Frameworks */,
				C81C4A222CB31C0600EA7C65 /* Resources */,
				A0C2B24C72B1059E40D4CF12 /* [CP] Embed Pods Frameworks */,
			);
			buildRules = (
			);
			dependencies = (
			);
			name = ValifyApp;
			productName = ValifyApp;
			productReference = C81C4A242CB31C0600EA7C65 /* ValifyApp.app */;
			productType = "com.apple.product-type.application";
		};
/* End PBXNativeTarget section */

/* Begin PBXProject section */
		C81C4A1C2CB31C0600EA7C65 /* Project object */ = {
			isa = PBXProject;
			attributes = {
				BuildIndependentTargetsInParallel = 1;
				LastSwiftUpdateCheck = 1510;
				LastUpgradeCheck = 1510;
				TargetAttributes = {
					C81C4A232CB31C0600EA7C65 = {
						CreatedOnToolsVersion = 15.1;
					};
				};
			};
			buildConfigurationList = C81C4A1F2CB31C0600EA7C65 /* Build configuration list for PBXProject "ValifyApp" */;
			compatibilityVersion = "Xcode 14.0";
			developmentRegion = en;
			hasScannedForEncodings = 0;
			knownRegions = (
				en,
				Base,
			);
			mainGroup = C81C4A1B2CB31C0600EA7C65;
			productRefGroup = C81C4A252CB31C0600EA7C65 /* Products */;
			projectDirPath = "";
			projectRoot = "";
			targets = (
				C81C4A232CB31C0600EA7C65 /* ValifyApp */,
			);
		};
/* End PBXProject section */

/* Begin PBXResourcesBuildPhase section */
		C81C4A222CB31C0600EA7C65 /* Resources */ = {
			isa = PBXResourcesBuildPhase;
			buildActionMask = 2147483647;
			files = (
				C81C4A4D2CB31C7400EA7C65 /* SplashVC.xib in Resources */,
				C81C4A342CB31C0700EA7C65 /* LaunchScreen.storyboard in Resources */,
				C81C4A312CB31C0700EA7C65 /* Assets.xcassets in Resources */,
				C81C4A5D2CB31DF000EA7C65 /* MainViewController.xib in Resources */,
			);
			runOnlyForDeploymentPostprocessing = 0;
		};
/* End PBXResourcesBuildPhase section */

/* Begin PBXShellScriptBuildPhase section */
		3669CB693496E3433F5C0849 /* [CP] Check Pods Manifest.lock */ = {
			isa = PBXShellScriptBuildPhase;
			buildActionMask = 2147483647;
			files = (
			);
			inputFileListPaths = (
			);
			inputPaths = (
				"${PODS_PODFILE_DIR_PATH}/Podfile.lock",
				"${PODS_ROOT}/Manifest.lock",
			);
			name = "[CP] Check Pods Manifest.lock";
			outputFileListPaths = (
			);
			outputPaths = (
				"$(DERIVED_FILE_DIR)/Pods-ValifyApp-checkManifestLockResult.txt",
			);
			runOnlyForDeploymentPostprocessing = 0;
			shellPath = /bin/sh;
			shellScript = "diff \"${PODS_PODFILE_DIR_PATH}/Podfile.lock\" \"${PODS_ROOT}/Manifest.lock\" > /dev/null\nif [ $? != 0 ] ; then\n    # print error to STDERR\n    echo \"error: The sandbox is not in sync with the Podfile.lock. Run 'pod install' or update your CocoaPods installation.\" >&2\n    exit 1\nfi\n# This output is used by Xcode 'outputs' to avoid re-running this script phase.\necho \"SUCCESS\" > \"${SCRIPT_OUTPUT_FILE_0}\"\n";
			showEnvVarsInLog = 0;
		};
		A0C2B24C72B1059E40D4CF12 /* [CP] Embed Pods Frameworks */ = {
			isa = PBXShellScriptBuildPhase;
			buildActionMask = 12;
			files = (
			);
			inputFileListPaths = (
				"${PODS_ROOT}/Target Support Files/Pods-ValifyApp/Pods-ValifyApp-frameworks-${CONFIGURATION}-input-files.xcfilelist",
			);
			name = "[CP] Embed Pods Frameworks";
			outputFileListPaths = (
				"${PODS_ROOT}/Target Support Files/Pods-ValifyApp/Pods-ValifyApp-frameworks-${CONFIGURATION}-output-files.xcfilelist",
			);
			runOnlyForDeploymentPostprocessing = 0;
			shellPath = /bin/sh;
			shellScript = "\"${PODS_ROOT}/Target Support Files/Pods-ValifyApp/Pods-ValifyApp-frameworks.sh\"\n";
			showEnvVarsInLog = 0;
		};
/* End PBXShellScriptBuildPhase section */

/* Begin PBXSourcesBuildPhase section */
		C81C4A202CB31C0600EA7C65 /* Sources */ = {
			isa = PBXSourcesBuildPhase;
			buildActionMask = 2147483647;
			files = (
				C81C4A572CB31D7100EA7C65 /* MovieDetailsViewModel.swift in Sources */,
				C81C4A4F2CB31D5C00EA7C65 /* MainViewControllerCoordinator.swift in Sources */,
				C81C4A602CB3273800EA7C65 /* CombineCompaitableExtensions.swift in Sources */,
				C81C4A4B2CB31C7400EA7C65 /* SplashViewModel.swift in Sources */,
				C81C4A412CB31C6400EA7C65 /* AppCoordinator.swift in Sources */,
				C81C4A422CB31C6400EA7C65 /* SplashCoordinator.swift in Sources */,
				C81C4A622CB3278B00EA7C65 /* BaseControlPublisher.swift in Sources */,
				C81C4A282CB31C0600EA7C65 /* AppDelegate.swift in Sources */,
				C81C4A5C2CB31DF000EA7C65 /* MainViewController.swift in Sources */,
				C81C4A2A2CB31C0600EA7C65 /* SceneDelegate.swift in Sources */,
				C81C4A4C2CB31C7400EA7C65 /* SplashVC.swift in Sources */,
			);
			runOnlyForDeploymentPostprocessing = 0;
		};
/* End PBXSourcesBuildPhase section */

/* Begin PBXVariantGroup section */
		C81C4A322CB31C0700EA7C65 /* LaunchScreen.storyboard */ = {
			isa = PBXVariantGroup;
			children = (
				C81C4A332CB31C0700EA7C65 /* Base */,
			);
			name = LaunchScreen.storyboard;
			sourceTree = "<group>";
		};
/* End PBXVariantGroup section */

/* Begin XCBuildConfiguration section */
		C81C4A362CB31C0700EA7C65 /* Debug */ = {
			isa = XCBuildConfiguration;
			buildSettings = {
				ALWAYS_SEARCH_USER_PATHS = NO;
				ASSETCATALOG_COMPILER_GENERATE_SWIFT_ASSET_SYMBOL_EXTENSIONS = YES;
				CLANG_ANALYZER_NONNULL = YES;
				CLANG_ANALYZER_NUMBER_OBJECT_CONVERSION = YES_AGGRESSIVE;
				CLANG_CXX_LANGUAGE_STANDARD = "gnu++20";
				CLANG_ENABLE_MODULES = YES;
				CLANG_ENABLE_OBJC_ARC = YES;
				CLANG_ENABLE_OBJC_WEAK = YES;
				CLANG_WARN_BLOCK_CAPTURE_AUTORELEASING = YES;
				CLANG_WARN_BOOL_CONVERSION = YES;
				CLANG_WARN_COMMA = YES;
				CLANG_WARN_CONSTANT_CONVERSION = YES;
				CLANG_WARN_DEPRECATED_OBJC_IMPLEMENTATIONS = YES;
				CLANG_WARN_DIRECT_OBJC_ISA_USAGE = YES_ERROR;
				CLANG_WARN_DOCUMENTATION_COMMENTS = YES;
				CLANG_WARN_EMPTY_BODY = YES;
				CLANG_WARN_ENUM_CONVERSION = YES;
				CLANG_WARN_INFINITE_RECURSION = YES;
				CLANG_WARN_INT_CONVERSION = YES;
				CLANG_WARN_NON_LITERAL_NULL_CONVERSION = YES;
				CLANG_WARN_OBJC_IMPLICIT_RETAIN_SELF = YES;
				CLANG_WARN_OBJC_LITERAL_CONVERSION = YES;
				CLANG_WARN_OBJC_ROOT_CLASS = YES_ERROR;
				CLANG_WARN_QUOTED_INCLUDE_IN_FRAMEWORK_HEADER = YES;
				CLANG_WARN_RANGE_LOOP_ANALYSIS = YES;
				CLANG_WARN_STRICT_PROTOTYPES = YES;
				CLANG_WARN_SUSPICIOUS_MOVE = YES;
				CLANG_WARN_UNGUARDED_AVAILABILITY = YES_AGGRESSIVE;
				CLANG_WARN_UNREACHABLE_CODE = YES;
				CLANG_WARN__DUPLICATE_METHOD_MATCH = YES;
				COPY_PHASE_STRIP = NO;
				DEBUG_INFORMATION_FORMAT = dwarf;
				ENABLE_STRICT_OBJC_MSGSEND = YES;
				ENABLE_TESTABILITY = YES;
				ENABLE_USER_SCRIPT_SANDBOXING = YES;
				GCC_C_LANGUAGE_STANDARD = gnu17;
				GCC_DYNAMIC_NO_PIC = NO;
				GCC_NO_COMMON_BLOCKS = YES;
				GCC_OPTIMIZATION_LEVEL = 0;
				GCC_PREPROCESSOR_DEFINITIONS = (
					"DEBUG=1",
					"$(inherited)",
				);
				GCC_WARN_64_TO_32_BIT_CONVERSION = YES;
				GCC_WARN_ABOUT_RETURN_TYPE = YES_ERROR;
				GCC_WARN_UNDECLARED_SELECTOR = YES;
				GCC_WARN_UNINITIALIZED_AUTOS = YES_AGGRESSIVE;
				GCC_WARN_UNUSED_FUNCTION = YES;
				GCC_WARN_UNUSED_VARIABLE = YES;
				IPHONEOS_DEPLOYMENT_TARGET = 13.0;
				LOCALIZATION_PREFERS_STRING_CATALOGS = YES;
				MTL_ENABLE_DEBUG_INFO = INCLUDE_SOURCE;
				MTL_FAST_MATH = YES;
				ONLY_ACTIVE_ARCH = YES;
				SDKROOT = iphoneos;
				SWIFT_ACTIVE_COMPILATION_CONDITIONS = "DEBUG $(inherited)";
				SWIFT_OPTIMIZATION_LEVEL = "-Onone";
			};
			name = Debug;
		};
		C81C4A372CB31C0700EA7C65 /* Release */ = {
			isa = XCBuildConfiguration;
			buildSettings = {
				ALWAYS_SEARCH_USER_PATHS = NO;
				ASSETCATALOG_COMPILER_GENERATE_SWIFT_ASSET_SYMBOL_EXTENSIONS = YES;
				CLANG_ANALYZER_NONNULL = YES;
				CLANG_ANALYZER_NUMBER_OBJECT_CONVERSION = YES_AGGRESSIVE;
				CLANG_CXX_LANGUAGE_STANDARD = "gnu++20";
				CLANG_ENABLE_MODULES = YES;
				CLANG_ENABLE_OBJC_ARC = YES;
				CLANG_ENABLE_OBJC_WEAK = YES;
				CLANG_WARN_BLOCK_CAPTURE_AUTORELEASING = YES;
				CLANG_WARN_BOOL_CONVERSION = YES;
				CLANG_WARN_COMMA = YES;
				CLANG_WARN_CONSTANT_CONVERSION = YES;
				CLANG_WARN_DEPRECATED_OBJC_IMPLEMENTATIONS = YES;
				CLANG_WARN_DIRECT_OBJC_ISA_USAGE = YES_ERROR;
				CLANG_WARN_DOCUMENTATION_COMMENTS = YES;
				CLANG_WARN_EMPTY_BODY = YES;
				CLANG_WARN_ENUM_CONVERSION = YES;
				CLANG_WARN_INFINITE_RECURSION = YES;
				CLANG_WARN_INT_CONVERSION = YES;
				CLANG_WARN_NON_LITERAL_NULL_CONVERSION = YES;
				CLANG_WARN_OBJC_IMPLICIT_RETAIN_SELF = YES;
				CLANG_WARN_OBJC_LITERAL_CONVERSION = YES;
				CLANG_WARN_OBJC_ROOT_CLASS = YES_ERROR;
				CLANG_WARN_QUOTED_INCLUDE_IN_FRAMEWORK_HEADER = YES;
				CLANG_WARN_RANGE_LOOP_ANALYSIS = YES;
				CLANG_WARN_STRICT_PROTOTYPES = YES;
				CLANG_WARN_SUSPICIOUS_MOVE = YES;
				CLANG_WARN_UNGUARDED_AVAILABILITY = YES_AGGRESSIVE;
				CLANG_WARN_UNREACHABLE_CODE = YES;
				CLANG_WARN__DUPLICATE_METHOD_MATCH = YES;
				COPY_PHASE_STRIP = NO;
				DEBUG_INFORMATION_FORMAT = "dwarf-with-dsym";
				ENABLE_NS_ASSERTIONS = NO;
				ENABLE_STRICT_OBJC_MSGSEND = YES;
				ENABLE_USER_SCRIPT_SANDBOXING = YES;
				GCC_C_LANGUAGE_STANDARD = gnu17;
				GCC_NO_COMMON_BLOCKS = YES;
				GCC_WARN_64_TO_32_BIT_CONVERSION = YES;
				GCC_WARN_ABOUT_RETURN_TYPE = YES_ERROR;
				GCC_WARN_UNDECLARED_SELECTOR = YES;
				GCC_WARN_UNINITIALIZED_AUTOS = YES_AGGRESSIVE;
				GCC_WARN_UNUSED_FUNCTION = YES;
				GCC_WARN_UNUSED_VARIABLE = YES;
				IPHONEOS_DEPLOYMENT_TARGET = 13.0;
				LOCALIZATION_PREFERS_STRING_CATALOGS = YES;
				MTL_ENABLE_DEBUG_INFO = NO;
				MTL_FAST_MATH = YES;
				SDKROOT = iphoneos;
				SWIFT_COMPILATION_MODE = wholemodule;
				VALIDATE_PRODUCT = YES;
			};
			name = Release;
		};
		C81C4A392CB31C0700EA7C65 /* Debug */ = {
			isa = XCBuildConfiguration;
			baseConfigurationReference = 6E74D114FA4033430FB4BB15 /* Pods-ValifyApp.debug.xcconfig */;
			buildSettings = {
				ASSETCATALOG_COMPILER_APPICON_NAME = AppIcon;
				ASSETCATALOG_COMPILER_GLOBAL_ACCENT_COLOR_NAME = AccentColor;
				CODE_SIGN_STYLE = Automatic;
				CURRENT_PROJECT_VERSION = 1;
				DEVELOPMENT_TEAM = 55XPHUW82Y;
				ENABLE_USER_SCRIPT_SANDBOXING = NO;
				"EXCLUDED_ARCHS[sdk=*]" = arm64;
				GENERATE_INFOPLIST_FILE = YES;
				INFOPLIST_FILE = ValifyApp/Info.plist;
				INFOPLIST_KEY_CFBundleDisplayName = Valify;
				INFOPLIST_KEY_LSApplicationCategoryType = "public.app-category.business";
				INFOPLIST_KEY_UIApplicationSupportsIndirectInputEvents = YES;
				INFOPLIST_KEY_UILaunchStoryboardName = LaunchScreen;
				INFOPLIST_KEY_UISupportedInterfaceOrientations_iPad = "UIInterfaceOrientationPortrait UIInterfaceOrientationPortraitUpsideDown UIInterfaceOrientationLandscapeLeft UIInterfaceOrientationLandscapeRight";
				INFOPLIST_KEY_UISupportedInterfaceOrientations_iPhone = "UIInterfaceOrientationPortrait UIInterfaceOrientationLandscapeLeft UIInterfaceOrientationLandscapeRight";
				LD_RUNPATH_SEARCH_PATHS = (
					"$(inherited)",
					"@executable_path/Frameworks",
				);
				MARKETING_VERSION = 1.0.0;
				PRODUCT_BUNDLE_IDENTIFIER = ValifyApp.ValifyApp;
				PRODUCT_NAME = "$(TARGET_NAME)";
				SWIFT_EMIT_LOC_STRINGS = YES;
				SWIFT_VERSION = 5.0;
				TARGETED_DEVICE_FAMILY = "1,2";
			};
			name = Debug;
		};
		C81C4A3A2CB31C0700EA7C65 /* Release */ = {
			isa = XCBuildConfiguration;
			baseConfigurationReference = 3D8A96468B2B34EA272F1ECB /* Pods-ValifyApp.release.xcconfig */;
			buildSettings = {
				ASSETCATALOG_COMPILER_APPICON_NAME = AppIcon;
				ASSETCATALOG_COMPILER_GLOBAL_ACCENT_COLOR_NAME = AccentColor;
				CODE_SIGN_STYLE = Automatic;
				CURRENT_PROJECT_VERSION = 1;
				DEVELOPMENT_TEAM = 55XPHUW82Y;
				ENABLE_USER_SCRIPT_SANDBOXING = NO;
				EXCLUDED_ARCHS = arm64;
				GENERATE_INFOPLIST_FILE = YES;
				INFOPLIST_FILE = ValifyApp/Info.plist;
				INFOPLIST_KEY_CFBundleDisplayName = Valify;
				INFOPLIST_KEY_LSApplicationCategoryType = "public.app-category.business";
				INFOPLIST_KEY_UIApplicationSupportsIndirectInputEvents = YES;
				INFOPLIST_KEY_UILaunchStoryboardName = LaunchScreen;
				INFOPLIST_KEY_UISupportedInterfaceOrientations_iPad = "UIInterfaceOrientationPortrait UIInterfaceOrientationPortraitUpsideDown UIInterfaceOrientationLandscapeLeft UIInterfaceOrientationLandscapeRight";
				INFOPLIST_KEY_UISupportedInterfaceOrientations_iPhone = "UIInterfaceOrientationPortrait UIInterfaceOrientationLandscapeLeft UIInterfaceOrientationLandscapeRight";
				LD_RUNPATH_SEARCH_PATHS = (
					"$(inherited)",
					"@executable_path/Frameworks",
				);
				MARKETING_VERSION = 1.0.0;
				PRODUCT_BUNDLE_IDENTIFIER = ValifyApp.ValifyApp;
				PRODUCT_NAME = "$(TARGET_NAME)";
				SWIFT_EMIT_LOC_STRINGS = YES;
				SWIFT_VERSION = 5.0;
				TARGETED_DEVICE_FAMILY = "1,2";
			};
			name = Release;
		};
/* End XCBuildConfiguration section */

/* Begin XCConfigurationList section */
		C81C4A1F2CB31C0600EA7C65 /* Build configuration list for PBXProject "ValifyApp" */ = {
			isa = XCConfigurationList;
			buildConfigurations = (
				C81C4A362CB31C0700EA7C65 /* Debug */,
				C81C4A372CB31C0700EA7C65 /* Release */,
			);
			defaultConfigurationIsVisible = 0;
			defaultConfigurationName = Release;
		};
		C81C4A382CB31C0700EA7C65 /* Build configuration list for PBXNativeTarget "ValifyApp" */ = {
			isa = XCConfigurationList;
			buildConfigurations = (
				C81C4A392CB31C0700EA7C65 /* Debug */,
				C81C4A3A2CB31C0700EA7C65 /* Release */,
			);
			defaultConfigurationIsVisible = 0;
			defaultConfigurationName = Release;
		};
/* End XCConfigurationList section */
	};
	rootObject = C81C4A1C2CB31C0600EA7C65 /* Project object */;
}
